// !$*UTF8*$!
{
	archiveVersion = 1;
	classes = {
	};
	objectVersion = 48;
	objects = {

/* Begin PBXBuildFile section */
		C676C952201B5FEF00CCD399 /* main.cpp in Sources */ = {isa = PBXBuildFile; fileRef = C676C951201B5FEF00CCD399 /* main.cpp */; };
		C676C95A201B608D00CCD399 /* FuncCall.cpp in Sources */ = {isa = PBXBuildFile; fileRef = C676C958201B608D00CCD399 /* FuncCall.cpp */; };
		C676C95E201B636200CCD399 /* Expression.cpp in Sources */ = {isa = PBXBuildFile; fileRef = C676C95C201B636200CCD399 /* Expression.cpp */; };
		C676C962201B651D00CCD399 /* Value.cpp in Sources */ = {isa = PBXBuildFile; fileRef = C676C960201B651D00CCD399 /* Value.cpp */; };
		C676C969201B6D0600CCD399 /* Environment.cpp in Sources */ = {isa = PBXBuildFile; fileRef = C676C967201B6D0600CCD399 /* Environment.cpp */; };
		C676C972201BE55900CCD399 /* Func.cpp in Sources */ = {isa = PBXBuildFile; fileRef = C676C970201BE55900CCD399 /* Func.cpp */; };
		C676C975201BEC4D00CCD399 /* Quote.cpp in Sources */ = {isa = PBXBuildFile; fileRef = C676C973201BEC4D00CCD399 /* Quote.cpp */; };
		C676C97D201D0E8200CCD399 /* Parser.cpp in Sources */ = {isa = PBXBuildFile; fileRef = C676C97B201D0E8200CCD399 /* Parser.cpp */; };
		C68CCFC72020BA3D0060D941 /* Symbol.cpp in Sources */ = {isa = PBXBuildFile; fileRef = C68CCFC62020BA3D0060D941 /* Symbol.cpp */; };
		C68CCFCA2020D0080060D941 /* Dec64.cpp in Sources */ = {isa = PBXBuildFile; fileRef = C68CCFC82020D0080060D941 /* Dec64.cpp */; };
		C68CCFCE2020DB550060D941 /* CFunc.cpp in Sources */ = {isa = PBXBuildFile; fileRef = C68CCFCC2020DB550060D941 /* CFunc.cpp */; };
		C68CCFD22021410B0060D941 /* Arithmetic.cpp in Sources */ = {isa = PBXBuildFile; fileRef = C68CCFD02021410B0060D941 /* Arithmetic.cpp */; };
/* End PBXBuildFile section */

/* Begin PBXCopyFilesBuildPhase section */
		C676C94C201B5FEF00CCD399 /* CopyFiles */ = {
			isa = PBXCopyFilesBuildPhase;
			buildActionMask = 2147483647;
			dstPath = /usr/share/man/man1/;
			dstSubfolderSpec = 0;
			files = (
			);
			runOnlyForDeploymentPostprocessing = 1;
		};
/* End PBXCopyFilesBuildPhase section */

/* Begin PBXFileReference section */
		C676C94E201B5FEF00CCD399 /* lisp-like */ = {isa = PBXFileReference; explicitFileType = "compiled.mach-o.executable"; includeInIndex = 0; path = "lisp-like"; sourceTree = BUILT_PRODUCTS_DIR; };
		C676C951201B5FEF00CCD399 /* main.cpp */ = {isa = PBXFileReference; lastKnownFileType = sourcecode.cpp.cpp; path = main.cpp; sourceTree = "<group>"; };
		C676C958201B608D00CCD399 /* FuncCall.cpp */ = {isa = PBXFileReference; lastKnownFileType = sourcecode.cpp.cpp; path = FuncCall.cpp; sourceTree = "<group>"; };
		C676C959201B608D00CCD399 /* FuncCall.hpp */ = {isa = PBXFileReference; lastKnownFileType = sourcecode.cpp.h; path = FuncCall.hpp; sourceTree = "<group>"; };
		C676C95C201B636200CCD399 /* Expression.cpp */ = {isa = PBXFileReference; lastKnownFileType = sourcecode.cpp.cpp; path = Expression.cpp; sourceTree = "<group>"; };
		C676C95D201B636200CCD399 /* Expression.hpp */ = {isa = PBXFileReference; lastKnownFileType = sourcecode.cpp.h; path = Expression.hpp; sourceTree = "<group>"; };
		C676C960201B651D00CCD399 /* Value.cpp */ = {isa = PBXFileReference; lastKnownFileType = sourcecode.cpp.cpp; path = Value.cpp; sourceTree = "<group>"; };
		C676C961201B651D00CCD399 /* Value.hpp */ = {isa = PBXFileReference; lastKnownFileType = sourcecode.cpp.h; path = Value.hpp; sourceTree = "<group>"; };
		C676C967201B6D0600CCD399 /* Environment.cpp */ = {isa = PBXFileReference; lastKnownFileType = sourcecode.cpp.cpp; path = Environment.cpp; sourceTree = "<group>"; };
		C676C968201B6D0600CCD399 /* Environment.hpp */ = {isa = PBXFileReference; lastKnownFileType = sourcecode.cpp.h; path = Environment.hpp; sourceTree = "<group>"; };
		C676C96B201B6ED100CCD399 /* Symbol.hpp */ = {isa = PBXFileReference; lastKnownFileType = sourcecode.cpp.h; path = Symbol.hpp; sourceTree = "<group>"; };
		C676C96E201BDFE800CCD399 /* ValueExpression.hpp */ = {isa = PBXFileReference; lastKnownFileType = sourcecode.cpp.h; path = ValueExpression.hpp; sourceTree = "<group>"; };
		C676C970201BE55900CCD399 /* Func.cpp */ = {isa = PBXFileReference; lastKnownFileType = sourcecode.cpp.cpp; path = Func.cpp; sourceTree = "<group>"; };
		C676C971201BE55900CCD399 /* Func.hpp */ = {isa = PBXFileReference; lastKnownFileType = sourcecode.cpp.h; path = Func.hpp; sourceTree = "<group>"; };
		C676C973201BEC4D00CCD399 /* Quote.cpp */ = {isa = PBXFileReference; lastKnownFileType = sourcecode.cpp.cpp; path = Quote.cpp; sourceTree = "<group>"; };
		C676C974201BEC4D00CCD399 /* Quote.hpp */ = {isa = PBXFileReference; lastKnownFileType = sourcecode.cpp.h; path = Quote.hpp; sourceTree = "<group>"; };
		C676C978201D0D4400CCD399 /* SymbolExpression.hpp */ = {isa = PBXFileReference; lastKnownFileType = sourcecode.cpp.h; path = SymbolExpression.hpp; sourceTree = "<group>"; };
		C676C97B201D0E8200CCD399 /* Parser.cpp */ = {isa = PBXFileReference; lastKnownFileType = sourcecode.cpp.cpp; path = Parser.cpp; sourceTree = "<group>"; };
		C676C97C201D0E8200CCD399 /* Parser.hpp */ = {isa = PBXFileReference; lastKnownFileType = sourcecode.cpp.h; path = Parser.hpp; sourceTree = "<group>"; };
		C68CCFC62020BA3D0060D941 /* Symbol.cpp */ = {isa = PBXFileReference; fileEncoding = 4; lastKnownFileType = sourcecode.cpp.cpp; path = Symbol.cpp; sourceTree = "<group>"; };
		C68CCFC82020D0080060D941 /* Dec64.cpp */ = {isa = PBXFileReference; lastKnownFileType = sourcecode.cpp.cpp; path = Dec64.cpp; sourceTree = "<group>"; };
		C68CCFC92020D0080060D941 /* Dec64.hpp */ = {isa = PBXFileReference; lastKnownFileType = sourcecode.cpp.h; path = Dec64.hpp; sourceTree = "<group>"; };
		C68CCFCC2020DB550060D941 /* CFunc.cpp */ = {isa = PBXFileReference; lastKnownFileType = sourcecode.cpp.cpp; path = CFunc.cpp; sourceTree = "<group>"; };
		C68CCFCD2020DB550060D941 /* CFunc.hpp */ = {isa = PBXFileReference; lastKnownFileType = sourcecode.cpp.h; path = CFunc.hpp; sourceTree = "<group>"; };
		C68CCFD02021410B0060D941 /* Arithmetic.cpp */ = {isa = PBXFileReference; lastKnownFileType = sourcecode.cpp.cpp; path = Arithmetic.cpp; sourceTree = "<group>"; };
		C68CCFD12021410B0060D941 /* Arithmetic.hpp */ = {isa = PBXFileReference; lastKnownFileType = sourcecode.cpp.h; path = Arithmetic.hpp; sourceTree = "<group>"; };
/* End PBXFileReference section */

/* Begin PBXFrameworksBuildPhase section */
		C676C94B201B5FEF00CCD399 /* Frameworks */ = {
			isa = PBXFrameworksBuildPhase;
			buildActionMask = 2147483647;
			files = (
			);
			runOnlyForDeploymentPostprocessing = 0;
		};
/* End PBXFrameworksBuildPhase section */

/* Begin PBXGroup section */
		C676C945201B5FEF00CCD399 = {
			isa = PBXGroup;
			children = (
				C676C950201B5FEF00CCD399 /* lisp-like */,
				C676C94F201B5FEF00CCD399 /* Products */,
			);
			sourceTree = "<group>";
		};
		C676C94F201B5FEF00CCD399 /* Products */ = {
			isa = PBXGroup;
			children = (
				C676C94E201B5FEF00CCD399 /* lisp-like */,
			);
			name = Products;
			sourceTree = "<group>";
		};
		C676C950201B5FEF00CCD399 /* lisp-like */ = {
			isa = PBXGroup;
			children = (
				C68CCFCB2020DB380060D941 /* Builtins */,
				C676C97A201D0E6D00CCD399 /* Parser */,
				C676C966201B6CEC00CCD399 /* Environment */,
				C676C95F201B650D00CCD399 /* Primatives */,
				C676C95B201B60CE00CCD399 /* Expressions */,
				C676C951201B5FEF00CCD399 /* main.cpp */,
			);
			path = "lisp-like";
			sourceTree = "<group>";
		};
		C676C95B201B60CE00CCD399 /* Expressions */ = {
			isa = PBXGroup;
			children = (
				C676C958201B608D00CCD399 /* FuncCall.cpp */,
				C676C959201B608D00CCD399 /* FuncCall.hpp */,
				C676C95C201B636200CCD399 /* Expression.cpp */,
				C676C95D201B636200CCD399 /* Expression.hpp */,
				C676C96E201BDFE800CCD399 /* ValueExpression.hpp */,
				C676C978201D0D4400CCD399 /* SymbolExpression.hpp */,
			);
			path = Expressions;
			sourceTree = "<group>";
		};
		C676C95F201B650D00CCD399 /* Primatives */ = {
			isa = PBXGroup;
			children = (
				C676C960201B651D00CCD399 /* Value.cpp */,
				C676C961201B651D00CCD399 /* Value.hpp */,
				C676C970201BE55900CCD399 /* Func.cpp */,
				C676C971201BE55900CCD399 /* Func.hpp */,
				C676C973201BEC4D00CCD399 /* Quote.cpp */,
				C676C974201BEC4D00CCD399 /* Quote.hpp */,
				C68CCFC82020D0080060D941 /* Dec64.cpp */,
				C68CCFC92020D0080060D941 /* Dec64.hpp */,
			);
			path = Primatives;
			sourceTree = "<group>";
		};
		C676C966201B6CEC00CCD399 /* Environment */ = {
			isa = PBXGroup;
			children = (
				C676C967201B6D0600CCD399 /* Environment.cpp */,
				C676C968201B6D0600CCD399 /* Environment.hpp */,
				C68CCFC62020BA3D0060D941 /* Symbol.cpp */,
				C676C96B201B6ED100CCD399 /* Symbol.hpp */,
			);
			path = Environment;
			sourceTree = "<group>";
		};
		C676C97A201D0E6D00CCD399 /* Parser */ = {
			isa = PBXGroup;
			children = (
				C676C97B201D0E8200CCD399 /* Parser.cpp */,
				C676C97C201D0E8200CCD399 /* Parser.hpp */,
			);
			path = Parser;
			sourceTree = "<group>";
		};
		C68CCFCB2020DB380060D941 /* Builtins */ = {
			isa = PBXGroup;
			children = (
				C68CCFCC2020DB550060D941 /* CFunc.cpp */,
				C68CCFCD2020DB550060D941 /* CFunc.hpp */,
				C68CCFD02021410B0060D941 /* Arithmetic.cpp */,
				C68CCFD12021410B0060D941 /* Arithmetic.hpp */,
			);
			path = Builtins;
			sourceTree = "<group>";
		};
/* End PBXGroup section */

/* Begin PBXNativeTarget section */
		C676C94D201B5FEF00CCD399 /* lisp-like */ = {
			isa = PBXNativeTarget;
			buildConfigurationList = C676C955201B5FEF00CCD399 /* Build configuration list for PBXNativeTarget "lisp-like" */;
			buildPhases = (
				C676C94A201B5FEF00CCD399 /* Sources */,
				C676C94B201B5FEF00CCD399 /* Frameworks */,
				C676C94C201B5FEF00CCD399 /* CopyFiles */,
			);
			buildRules = (
			);
			dependencies = (
			);
			name = "lisp-like";
			productName = "lisp-like";
			productReference = C676C94E201B5FEF00CCD399 /* lisp-like */;
			productType = "com.apple.product-type.tool";
		};
/* End PBXNativeTarget section */

/* Begin PBXProject section */
		C676C946201B5FEF00CCD399 /* Project object */ = {
			isa = PBXProject;
			attributes = {
				LastUpgradeCheck = 0920;
				ORGANIZATIONNAME = "Charles McVicker";
				TargetAttributes = {
					C676C94D201B5FEF00CCD399 = {
						CreatedOnToolsVersion = 9.2;
						ProvisioningStyle = Automatic;
					};
				};
			};
			buildConfigurationList = C676C949201B5FEF00CCD399 /* Build configuration list for PBXProject "lisp-like" */;
			compatibilityVersion = "Xcode 8.0";
			developmentRegion = en;
			hasScannedForEncodings = 0;
			knownRegions = (
				en,
			);
			mainGroup = C676C945201B5FEF00CCD399;
			productRefGroup = C676C94F201B5FEF00CCD399 /* Products */;
			projectDirPath = "";
			projectRoot = "";
			targets = (
				C676C94D201B5FEF00CCD399 /* lisp-like */,
			);
		};
/* End PBXProject section */

/* Begin PBXSourcesBuildPhase section */
		C676C94A201B5FEF00CCD399 /* Sources */ = {
			isa = PBXSourcesBuildPhase;
			buildActionMask = 2147483647;
			files = (
				C68CCFCE2020DB550060D941 /* CFunc.cpp in Sources */,
				C676C975201BEC4D00CCD399 /* Quote.cpp in Sources */,
				C676C952201B5FEF00CCD399 /* main.cpp in Sources */,
				C676C95E201B636200CCD399 /* Expression.cpp in Sources */,
				C676C969201B6D0600CCD399 /* Environment.cpp in Sources */,
				C676C97D201D0E8200CCD399 /* Parser.cpp in Sources */,
				C68CCFC72020BA3D0060D941 /* Symbol.cpp in Sources */,
				C676C95A201B608D00CCD399 /* FuncCall.cpp in Sources */,
				C676C962201B651D00CCD399 /* Value.cpp in Sources */,
				C68CCFD22021410B0060D941 /* Arithmetic.cpp in Sources */,
				C68CCFCA2020D0080060D941 /* Dec64.cpp in Sources */,
				C676C972201BE55900CCD399 /* Func.cpp in Sources */,
			);
			runOnlyForDeploymentPostprocessing = 0;
		};
/* End PBXSourcesBuildPhase section */

/* Begin XCBuildConfiguration section */
		C676C953201B5FEF00CCD399 /* Debug */ = {
			isa = XCBuildConfiguration;
			buildSettings = {
				ALWAYS_SEARCH_USER_PATHS = NO;
				CLANG_ANALYZER_NONNULL = YES;
				CLANG_ANALYZER_NUMBER_OBJECT_CONVERSION = YES_AGGRESSIVE;
				CLANG_CXX_LANGUAGE_STANDARD = "gnu++14";
				CLANG_CXX_LIBRARY = "libc++";
				CLANG_ENABLE_MODULES = YES;
				CLANG_ENABLE_OBJC_ARC = YES;
				CLANG_WARN_BLOCK_CAPTURE_AUTORELEASING = YES;
				CLANG_WARN_BOOL_CONVERSION = YES;
				CLANG_WARN_COMMA = YES;
				CLANG_WARN_CONSTANT_CONVERSION = YES;
				CLANG_WARN_DIRECT_OBJC_ISA_USAGE = YES_ERROR;
				CLANG_WARN_DOCUMENTATION_COMMENTS = YES;
				CLANG_WARN_EMPTY_BODY = YES;
				CLANG_WARN_ENUM_CONVERSION = YES;
				CLANG_WARN_INFINITE_RECURSION = YES;
				CLANG_WARN_INT_CONVERSION = YES;
				CLANG_WARN_NON_LITERAL_NULL_CONVERSION = YES;
				CLANG_WARN_OBJC_LITERAL_CONVERSION = YES;
				CLANG_WARN_OBJC_ROOT_CLASS = YES_ERROR;
				CLANG_WARN_RANGE_LOOP_ANALYSIS = YES;
				CLANG_WARN_STRICT_PROTOTYPES = YES;
				CLANG_WARN_SUSPICIOUS_MOVE = YES;
				CLANG_WARN_UNGUARDED_AVAILABILITY = YES_AGGRESSIVE;
				CLANG_WARN_UNREACHABLE_CODE = YES;
				CLANG_WARN__DUPLICATE_METHOD_MATCH = YES;
				CODE_SIGN_IDENTITY = "-";
				COPY_PHASE_STRIP = NO;
				DEBUG_INFORMATION_FORMAT = dwarf;
				ENABLE_STRICT_OBJC_MSGSEND = YES;
				ENABLE_TESTABILITY = YES;
				GCC_C_LANGUAGE_STANDARD = gnu11;
				GCC_DYNAMIC_NO_PIC = NO;
				GCC_NO_COMMON_BLOCKS = YES;
				GCC_OPTIMIZATION_LEVEL = 0;
				GCC_PREPROCESSOR_DEFINITIONS = (
					"DEBUG=1",
					"$(inherited)",
				);
				GCC_WARN_64_TO_32_BIT_CONVERSION = YES;
				GCC_WARN_ABOUT_RETURN_TYPE = YES_ERROR;
				GCC_WARN_UNDECLARED_SELECTOR = YES;
				GCC_WARN_UNINITIALIZED_AUTOS = YES_AGGRESSIVE;
				GCC_WARN_UNUSED_FUNCTION = YES;
				GCC_WARN_UNUSED_VARIABLE = YES;
				MACOSX_DEPLOYMENT_TARGET = 10.13;
				MTL_ENABLE_DEBUG_INFO = YES;
				ONLY_ACTIVE_ARCH = YES;
				SDKROOT = macosx;
			};
			name = Debug;
		};
		C676C954201B5FEF00CCD399 /* Release */ = {
			isa = XCBuildConfiguration;
			buildSettings = {
				ALWAYS_SEARCH_USER_PATHS = NO;
				CLANG_ANALYZER_NONNULL = YES;
				CLANG_ANALYZER_NUMBER_OBJECT_CONVERSION = YES_AGGRESSIVE;
				CLANG_CXX_LANGUAGE_STANDARD = "gnu++14";
				CLANG_CXX_LIBRARY = "libc++";
				CLANG_ENABLE_MODULES = YES;
				CLANG_ENABLE_OBJC_ARC = YES;
				CLANG_WARN_BLOCK_CAPTURE_AUTORELEASING = YES;
				CLANG_WARN_BOOL_CONVERSION = YES;
				CLANG_WARN_COMMA = YES;
				CLANG_WARN_CONSTANT_CONVERSION = YES;
				CLANG_WARN_DIRECT_OBJC_ISA_USAGE = YES_ERROR;
				CLANG_WARN_DOCUMENTATION_COMMENTS = YES;
				CLANG_WARN_EMPTY_BODY = YES;
				CLANG_WARN_ENUM_CONVERSION = YES;
				CLANG_WARN_INFINITE_RECURSION = YES;
				CLANG_WARN_INT_CONVERSION = YES;
				CLANG_WARN_NON_LITERAL_NULL_CONVERSION = YES;
				CLANG_WARN_OBJC_LITERAL_CONVERSION = YES;
				CLANG_WARN_OBJC_ROOT_CLASS = YES_ERROR;
				CLANG_WARN_RANGE_LOOP_ANALYSIS = YES;
				CLANG_WARN_STRICT_PROTOTYPES = YES;
				CLANG_WARN_SUSPICIOUS_MOVE = YES;
				CLANG_WARN_UNGUARDED_AVAILABILITY = YES_AGGRESSIVE;
				CLANG_WARN_UNREACHABLE_CODE = YES;
				CLANG_WARN__DUPLICATE_METHOD_MATCH = YES;
				CODE_SIGN_IDENTITY = "-";
				COPY_PHASE_STRIP = NO;
				DEBUG_INFORMATION_FORMAT = "dwarf-with-dsym";
				ENABLE_NS_ASSERTIONS = NO;
				ENABLE_STRICT_OBJC_MSGSEND = YES;
				GCC_C_LANGUAGE_STANDARD = gnu11;
				GCC_NO_COMMON_BLOCKS = YES;
				GCC_WARN_64_TO_32_BIT_CONVERSION = YES;
				GCC_WARN_ABOUT_RETURN_TYPE = YES_ERROR;
				GCC_WARN_UNDECLARED_SELECTOR = YES;
				GCC_WARN_UNINITIALIZED_AUTOS = YES_AGGRESSIVE;
				GCC_WARN_UNUSED_FUNCTION = YES;
				GCC_WARN_UNUSED_VARIABLE = YES;
				MACOSX_DEPLOYMENT_TARGET = 10.13;
				MTL_ENABLE_DEBUG_INFO = NO;
				SDKROOT = macosx;
			};
			name = Release;
		};
		C676C956201B5FEF00CCD399 /* Debug */ = {
			isa = XCBuildConfiguration;
			buildSettings = {
				CODE_SIGN_STYLE = Automatic;
				PRODUCT_NAME = "$(TARGET_NAME)";
			};
			name = Debug;
		};
		C676C957201B5FEF00CCD399 /* Release */ = {
			isa = XCBuildConfiguration;
			buildSettings = {
				CODE_SIGN_STYLE = Automatic;
				PRODUCT_NAME = "$(TARGET_NAME)";
			};
			name = Release;
		};
/* End XCBuildConfiguration section */

/* Begin XCConfigurationList section */
		C676C949201B5FEF00CCD399 /* Build configuration list for PBXProject "lisp-like" */ = {
			isa = XCConfigurationList;
			buildConfigurations = (
				C676C953201B5FEF00CCD399 /* Debug */,
				C676C954201B5FEF00CCD399 /* Release */,
			);
			defaultConfigurationIsVisible = 0;
			defaultConfigurationName = Release;
		};
		C676C955201B5FEF00CCD399 /* Build configuration list for PBXNativeTarget "lisp-like" */ = {
			isa = XCConfigurationList;
			buildConfigurations = (
				C676C956201B5FEF00CCD399 /* Debug */,
				C676C957201B5FEF00CCD399 /* Release */,
			);
			defaultConfigurationIsVisible = 0;
			defaultConfigurationName = Release;
		};
/* End XCConfigurationList section */
	};
	rootObject = C676C946201B5FEF00CCD399 /* Project object */;
}
