// !$*UTF8*$!
{
	archiveVersion = 1;
	classes = {
	};
	objectVersion = 46;
	objects = {

/* Begin PBXBuildFile section */
		C6F208FE1F58B6BB00253D70 /* main.cpp in Sources */ = {isa = PBXBuildFile; fileRef = C6F208FD1F58B6BB00253D70 /* main.cpp */; };
		C6F209071F58B6D000253D70 /* SDL2_ttf.framework in Frameworks */ = {isa = PBXBuildFile; fileRef = C6F209051F58B6D000253D70 /* SDL2_ttf.framework */; };
		C6F209081F58B6D000253D70 /* SDL2.framework in Frameworks */ = {isa = PBXBuildFile; fileRef = C6F209061F58B6D000253D70 /* SDL2.framework */; };
		C6F2090F1F58B70600253D70 /* Renderer.cpp in Sources */ = {isa = PBXBuildFile; fileRef = C6F209091F58B70600253D70 /* Renderer.cpp */; };
		C6F209101F58B70600253D70 /* VectorUtils.cpp in Sources */ = {isa = PBXBuildFile; fileRef = C6F2090B1F58B70600253D70 /* VectorUtils.cpp */; };
		C6F209111F58B70600253D70 /* Wireframe.cpp in Sources */ = {isa = PBXBuildFile; fileRef = C6F2090D1F58B70600253D70 /* Wireframe.cpp */; };
		C6F209141F58B78800253D70 /* CApp.cpp in Sources */ = {isa = PBXBuildFile; fileRef = C6F209121F58B78800253D70 /* CApp.cpp */; };
/* End PBXBuildFile section */

/* Begin PBXCopyFilesBuildPhase section */
		C6F208F81F58B6BB00253D70 /* CopyFiles */ = {
			isa = PBXCopyFilesBuildPhase;
			buildActionMask = 2147483647;
			dstPath = /usr/share/man/man1/;
			dstSubfolderSpec = 0;
			files = (
			);
			runOnlyForDeploymentPostprocessing = 1;
		};
/* End PBXCopyFilesBuildPhase section */

/* Begin PBXFileReference section */
		C6F208FA1F58B6BB00253D70 /* canvas */ = {isa = PBXFileReference; explicitFileType = "compiled.mach-o.executable"; includeInIndex = 0; path = canvas; sourceTree = BUILT_PRODUCTS_DIR; };
		C6F208FD1F58B6BB00253D70 /* main.cpp */ = {isa = PBXFileReference; lastKnownFileType = sourcecode.cpp.cpp; path = main.cpp; sourceTree = "<group>"; };
		C6F209051F58B6D000253D70 /* SDL2_ttf.framework */ = {isa = PBXFileReference; lastKnownFileType = wrapper.framework; name = SDL2_ttf.framework; path = ../../../../../../Library/Frameworks/SDL2_ttf.framework; sourceTree = "<group>"; };
		C6F209061F58B6D000253D70 /* SDL2.framework */ = {isa = PBXFileReference; lastKnownFileType = wrapper.framework; name = SDL2.framework; path = ../../../../../../Library/Frameworks/SDL2.framework; sourceTree = "<group>"; };
		C6F209091F58B70600253D70 /* Renderer.cpp */ = {isa = PBXFileReference; fileEncoding = 4; lastKnownFileType = sourcecode.cpp.cpp; name = Renderer.cpp; path = "../codex-4d/codex-4d/Renderer.cpp"; sourceTree = "<group>"; };
		C6F2090A1F58B70600253D70 /* Renderer.hpp */ = {isa = PBXFileReference; fileEncoding = 4; lastKnownFileType = sourcecode.cpp.h; name = Renderer.hpp; path = "../codex-4d/codex-4d/Renderer.hpp"; sourceTree = "<group>"; };
		C6F2090B1F58B70600253D70 /* VectorUtils.cpp */ = {isa = PBXFileReference; fileEncoding = 4; lastKnownFileType = sourcecode.cpp.cpp; name = VectorUtils.cpp; path = "../codex-4d/codex-4d/VectorUtils.cpp"; sourceTree = "<group>"; };
		C6F2090C1F58B70600253D70 /* VectorUtils.hpp */ = {isa = PBXFileReference; fileEncoding = 4; lastKnownFileType = sourcecode.cpp.h; name = VectorUtils.hpp; path = "../codex-4d/codex-4d/VectorUtils.hpp"; sourceTree = "<group>"; };
		C6F2090D1F58B70600253D70 /* Wireframe.cpp */ = {isa = PBXFileReference; fileEncoding = 4; lastKnownFileType = sourcecode.cpp.cpp; name = Wireframe.cpp; path = "../codex-4d/codex-4d/Wireframe.cpp"; sourceTree = "<group>"; };
		C6F2090E1F58B70600253D70 /* Wireframe.hpp */ = {isa = PBXFileReference; fileEncoding = 4; lastKnownFileType = sourcecode.cpp.h; name = Wireframe.hpp; path = "../codex-4d/codex-4d/Wireframe.hpp"; sourceTree = "<group>"; };
		C6F209121F58B78800253D70 /* CApp.cpp */ = {isa = PBXFileReference; fileEncoding = 4; lastKnownFileType = sourcecode.cpp.cpp; path = CApp.cpp; sourceTree = "<group>"; };
		C6F209131F58B78800253D70 /* CApp.hpp */ = {isa = PBXFileReference; fileEncoding = 4; lastKnownFileType = sourcecode.cpp.h; path = CApp.hpp; sourceTree = "<group>"; };
/* End PBXFileReference section */

/* Begin PBXFrameworksBuildPhase section */
		C6F208F71F58B6BB00253D70 /* Frameworks */ = {
			isa = PBXFrameworksBuildPhase;
			buildActionMask = 2147483647;
			files = (
				C6F209071F58B6D000253D70 /* SDL2_ttf.framework in Frameworks */,
				C6F209081F58B6D000253D70 /* SDL2.framework in Frameworks */,
			);
			runOnlyForDeploymentPostprocessing = 0;
		};
/* End PBXFrameworksBuildPhase section */

/* Begin PBXGroup section */
		C6F208F11F58B6BB00253D70 = {
			isa = PBXGroup;
			children = (
				C6F209091F58B70600253D70 /* Renderer.cpp */,
				C6F2090A1F58B70600253D70 /* Renderer.hpp */,
				C6F2090B1F58B70600253D70 /* VectorUtils.cpp */,
				C6F2090C1F58B70600253D70 /* VectorUtils.hpp */,
				C6F2090D1F58B70600253D70 /* Wireframe.cpp */,
				C6F2090E1F58B70600253D70 /* Wireframe.hpp */,
				C6F208FB1F58B6BB00253D70 /* Products */,
				C6F208FC1F58B6BB00253D70 /* canvas */,
				C6F209041F58B6D000253D70 /* Frameworks */,
			);
			sourceTree = "<group>";
		};
		C6F208FB1F58B6BB00253D70 /* Products */ = {
			isa = PBXGroup;
			children = (
				C6F208FA1F58B6BB00253D70 /* canvas */,
			);
			name = Products;
			sourceTree = "<group>";
		};
		C6F208FC1F58B6BB00253D70 /* canvas */ = {
			isa = PBXGroup;
			children = (
				C6F208FD1F58B6BB00253D70 /* main.cpp */,
				C6F209121F58B78800253D70 /* CApp.cpp */,
				C6F209131F58B78800253D70 /* CApp.hpp */,
			);
			path = canvas;
			sourceTree = "<group>";
		};
		C6F209041F58B6D000253D70 /* Frameworks */ = {
			isa = PBXGroup;
			children = (
				C6F209051F58B6D000253D70 /* SDL2_ttf.framework */,
				C6F209061F58B6D000253D70 /* SDL2.framework */,
			);
			name = Frameworks;
			sourceTree = "<group>";
		};
/* End PBXGroup section */

/* Begin PBXNativeTarget section */
		C6F208F91F58B6BB00253D70 /* canvas */ = {
			isa = PBXNativeTarget;
			buildConfigurationList = C6F209011F58B6BB00253D70 /* Build configuration list for PBXNativeTarget "canvas" */;
			buildPhases = (
				C6F208F61F58B6BB00253D70 /* Sources */,
				C6F208F71F58B6BB00253D70 /* Frameworks */,
				C6F208F81F58B6BB00253D70 /* CopyFiles */,
			);
			buildRules = (
			);
			dependencies = (
			);
			name = canvas;
			productName = canvas;
			productReference = C6F208FA1F58B6BB00253D70 /* canvas */;
			productType = "com.apple.product-type.tool";
		};
/* End PBXNativeTarget section */

/* Begin PBXProject section */
		C6F208F21F58B6BB00253D70 /* Project object */ = {
			isa = PBXProject;
			attributes = {
				LastUpgradeCheck = 0830;
				ORGANIZATIONNAME = "Charles McVicker";
				TargetAttributes = {
					C6F208F91F58B6BB00253D70 = {
						CreatedOnToolsVersion = 8.3.3;
						ProvisioningStyle = Automatic;
					};
				};
			};
			buildConfigurationList = C6F208F51F58B6BB00253D70 /* Build configuration list for PBXProject "canvas" */;
			compatibilityVersion = "Xcode 3.2";
			developmentRegion = English;
			hasScannedForEncodings = 0;
			knownRegions = (
				en,
			);
			mainGroup = C6F208F11F58B6BB00253D70;
			productRefGroup = C6F208FB1F58B6BB00253D70 /* Products */;
			projectDirPath = "";
			projectRoot = "";
			targets = (
				C6F208F91F58B6BB00253D70 /* canvas */,
			);
		};
/* End PBXProject section */

/* Begin PBXSourcesBuildPhase section */
		C6F208F61F58B6BB00253D70 /* Sources */ = {
			isa = PBXSourcesBuildPhase;
			buildActionMask = 2147483647;
			files = (
				C6F209111F58B70600253D70 /* Wireframe.cpp in Sources */,
				C6F2090F1F58B70600253D70 /* Renderer.cpp in Sources */,
				C6F209101F58B70600253D70 /* VectorUtils.cpp in Sources */,
				C6F208FE1F58B6BB00253D70 /* main.cpp in Sources */,
				C6F209141F58B78800253D70 /* CApp.cpp in Sources */,
			);
			runOnlyForDeploymentPostprocessing = 0;
		};
/* End PBXSourcesBuildPhase section */

/* Begin XCBuildConfiguration section */
		C6F208FF1F58B6BB00253D70 /* Debug */ = {
			isa = XCBuildConfiguration;
			buildSettings = {
				ALWAYS_SEARCH_USER_PATHS = NO;
				CLANG_ANALYZER_NONNULL = YES;
				CLANG_ANALYZER_NUMBER_OBJECT_CONVERSION = YES_AGGRESSIVE;
				CLANG_CXX_LANGUAGE_STANDARD = "gnu++0x";
				CLANG_CXX_LIBRARY = "libc++";
				CLANG_ENABLE_MODULES = YES;
				CLANG_ENABLE_OBJC_ARC = YES;
				CLANG_WARN_BOOL_CONVERSION = YES;
				CLANG_WARN_CONSTANT_CONVERSION = YES;
				CLANG_WARN_DIRECT_OBJC_ISA_USAGE = YES_ERROR;
				CLANG_WARN_DOCUMENTATION_COMMENTS = YES;
				CLANG_WARN_EMPTY_BODY = YES;
				CLANG_WARN_ENUM_CONVERSION = YES;
				CLANG_WARN_INFINITE_RECURSION = YES;
				CLANG_WARN_INT_CONVERSION = YES;
				CLANG_WARN_OBJC_ROOT_CLASS = YES_ERROR;
				CLANG_WARN_SUSPICIOUS_MOVE = YES;
				CLANG_WARN_UNREACHABLE_CODE = YES;
				CLANG_WARN__DUPLICATE_METHOD_MATCH = YES;
				CODE_SIGN_IDENTITY = "-";
				COPY_PHASE_STRIP = NO;
				DEBUG_INFORMATION_FORMAT = dwarf;
				ENABLE_STRICT_OBJC_MSGSEND = YES;
				ENABLE_TESTABILITY = YES;
				GCC_C_LANGUAGE_STANDARD = gnu99;
				GCC_DYNAMIC_NO_PIC = NO;
				GCC_NO_COMMON_BLOCKS = YES;
				GCC_OPTIMIZATION_LEVEL = 0;
				GCC_PREPROCESSOR_DEFINITIONS = (
					"DEBUG=1",
					"$(inherited)",
				);
				GCC_WARN_64_TO_32_BIT_CONVERSION = YES;
				GCC_WARN_ABOUT_RETURN_TYPE = YES_ERROR;
				GCC_WARN_UNDECLARED_SELECTOR = YES;
				GCC_WARN_UNINITIALIZED_AUTOS = YES_AGGRESSIVE;
				GCC_WARN_UNUSED_FUNCTION = YES;
				GCC_WARN_UNUSED_VARIABLE = YES;
				MACOSX_DEPLOYMENT_TARGET = 10.12;
				MTL_ENABLE_DEBUG_INFO = YES;
				ONLY_ACTIVE_ARCH = YES;
				OTHER_CFLAGS = (
					"-I",
					/usr/local/include/eigen3,
				);
				OTHER_LDFLAGS = "";
				SDKROOT = macosx;
			};
			name = Debug;
		};
		C6F209001F58B6BB00253D70 /* Release */ = {
			isa = XCBuildConfiguration;
			buildSettings = {
				ALWAYS_SEARCH_USER_PATHS = NO;
				CLANG_ANALYZER_NONNULL = YES;
				CLANG_ANALYZER_NUMBER_OBJECT_CONVERSION = YES_AGGRESSIVE;
				CLANG_CXX_LANGUAGE_STANDARD = "gnu++0x";
				CLANG_CXX_LIBRARY = "libc++";
				CLANG_ENABLE_MODULES = YES;
				CLANG_ENABLE_OBJC_ARC = YES;
				CLANG_WARN_BOOL_CONVERSION = YES;
				CLANG_WARN_CONSTANT_CONVERSION = YES;
				CLANG_WARN_DIRECT_OBJC_ISA_USAGE = YES_ERROR;
				CLANG_WARN_DOCUMENTATION_COMMENTS = YES;
				CLANG_WARN_EMPTY_BODY = YES;
				CLANG_WARN_ENUM_CONVERSION = YES;
				CLANG_WARN_INFINITE_RECURSION = YES;
				CLANG_WARN_INT_CONVERSION = YES;
				CLANG_WARN_OBJC_ROOT_CLASS = YES_ERROR;
				CLANG_WARN_SUSPICIOUS_MOVE = YES;
				CLANG_WARN_UNREACHABLE_CODE = YES;
				CLANG_WARN__DUPLICATE_METHOD_MATCH = YES;
				CODE_SIGN_IDENTITY = "-";
				COPY_PHASE_STRIP = NO;
				DEBUG_INFORMATION_FORMAT = "dwarf-with-dsym";
				ENABLE_NS_ASSERTIONS = NO;
				ENABLE_STRICT_OBJC_MSGSEND = YES;
				GCC_C_LANGUAGE_STANDARD = gnu99;
				GCC_NO_COMMON_BLOCKS = YES;
				GCC_WARN_64_TO_32_BIT_CONVERSION = YES;
				GCC_WARN_ABOUT_RETURN_TYPE = YES_ERROR;
				GCC_WARN_UNDECLARED_SELECTOR = YES;
				GCC_WARN_UNINITIALIZED_AUTOS = YES_AGGRESSIVE;
				GCC_WARN_UNUSED_FUNCTION = YES;
				GCC_WARN_UNUSED_VARIABLE = YES;
				MACOSX_DEPLOYMENT_TARGET = 10.12;
				MTL_ENABLE_DEBUG_INFO = NO;
				OTHER_CFLAGS = (
					"-I",
					/usr/local/include/eigen3,
				);
				OTHER_LDFLAGS = "";
				SDKROOT = macosx;
			};
			name = Release;
		};
		C6F209021F58B6BB00253D70 /* Debug */ = {
			isa = XCBuildConfiguration;
			buildSettings = {
				FRAMEWORK_SEARCH_PATHS = (
					"$(inherited)",
					"$(LOCAL_LIBRARY_DIR)/Frameworks",
				);
				PRODUCT_NAME = "$(TARGET_NAME)";
			};
			name = Debug;
		};
		C6F209031F58B6BB00253D70 /* Release */ = {
			isa = XCBuildConfiguration;
			buildSettings = {
				FRAMEWORK_SEARCH_PATHS = (
					"$(inherited)",
					"$(LOCAL_LIBRARY_DIR)/Frameworks",
				);
				PRODUCT_NAME = "$(TARGET_NAME)";
			};
			name = Release;
		};
/* End XCBuildConfiguration section */

/* Begin XCConfigurationList section */
		C6F208F51F58B6BB00253D70 /* Build configuration list for PBXProject "canvas" */ = {
			isa = XCConfigurationList;
			buildConfigurations = (
				C6F208FF1F58B6BB00253D70 /* Debug */,
				C6F209001F58B6BB00253D70 /* Release */,
			);
			defaultConfigurationIsVisible = 0;
			defaultConfigurationName = Release;
		};
		C6F209011F58B6BB00253D70 /* Build configuration list for PBXNativeTarget "canvas" */ = {
			isa = XCConfigurationList;
			buildConfigurations = (
				C6F209021F58B6BB00253D70 /* Debug */,
				C6F209031F58B6BB00253D70 /* Release */,
			);
			defaultConfigurationIsVisible = 0;
			defaultConfigurationName = Release;
		};
/* End XCConfigurationList section */
	};
	rootObject = C6F208F21F58B6BB00253D70 /* Project object */;
}
